
Microsoft Visual Studio Solution File, Format Version 12.00
# Visual Studio Version 17
VisualStudioVersion = 17.3.32811.315
MinimumVisualStudioVersion = 10.0.40219.1
Project("{FAE04EC0-301F-11D3-BF4B-00C04F79EFBC}") = "Text_editor", "Text_editor.csproj", "{1F0CFAF8-4623-4248-B06C-3CFD1C87C8B7}"
EndProject
Project("{FAE04EC0-301F-11D3-BF4B-00C04F79EFBC}") = "Text_editor_Xunit", "..\Text_editor_Xunit\Text_editor_Xunit.csproj", "{3964348E-EA10-4CFA-8435-A4DBFE9D02D7}"
EndProject
Global
	GlobalSection(SolutionConfigurationPlatforms) = preSolution
		Debug|Any CPU = Debug|Any CPU
		Release|Any CPU = Release|Any CPU
	EndGlobalSection
	GlobalSection(ProjectConfigurationPlatforms) = postSolution
		{1F0CFAF8-4623-4248-B06C-3CFD1C87C8B7}.Debug|Any CPU.ActiveCfg = Debug|Any CPU
		{1F0CFAF8-4623-4248-B06C-3CFD1C87C8B7}.Debug|Any CPU.Build.0 = Debug|Any CPU
		{1F0CFAF8-4623-4248-B06C-3CFD1C87C8B7}.Release|Any CPU.ActiveCfg = Release|Any CPU
		{1F0CFAF8-4623-4248-B06C-3CFD1C87C8B7}.Release|Any CPU.Build.0 = Release|Any CPU
		{3964348E-EA10-4CFA-8435-A4DBFE9D02D7}.Debug|Any CPU.ActiveCfg = Debug|Any CPU
		{3964348E-EA10-4CFA-8435-A4DBFE9D02D7}.Debug|Any CPU.Build.0 = Debug|Any CPU
		{3964348E-EA10-4CFA-8435-A4DBFE9D02D7}.Release|Any CPU.ActiveCfg = Release|Any CPU
		{3964348E-EA10-4CFA-8435-A4DBFE9D02D7}.Release|Any CPU.Build.0 = Release|Any CPU
	EndGlobalSection
	GlobalSection(SolutionProperties) = preSolution
		HideSolutionNode = FALSE
	EndGlobalSection
	GlobalSection(ExtensibilityGlobals) = postSolution
		SolutionGuid = {6186AEDC-6784-4E8E-9AC4-83BC09793AFF}
	EndGlobalSection
EndGlobal
